
Microsoft Visual Studio Solution File, Format Version 12.00
# Visual Studio Version 16
VisualStudioVersion = 16.0.30611.23
MinimumVisualStudioVersion = 10.0.40219.1
Project("{FAE04EC0-301F-11D3-BF4B-00C04F79EFBC}") = "ekspert_budowlany_generowanie_linków", "ekspert_budowlany_generowanie_linków\ekspert_budowlany_generowanie_linków.csproj", "{0B33150E-1998-4026-99F8-22E1852C17B1}"
EndProject
Global
	GlobalSection(SolutionConfigurationPlatforms) = preSolution
		Debug|Any CPU = Debug|Any CPU
		Release|Any CPU = Release|Any CPU
	EndGlobalSection
	GlobalSection(ProjectConfigurationPlatforms) = postSolution
		{0B33150E-1998-4026-99F8-22E1852C17B1}.Debug|Any CPU.ActiveCfg = Debug|Any CPU
		{0B33150E-1998-4026-99F8-22E1852C17B1}.Debug|Any CPU.Build.0 = Debug|Any CPU
		{0B33150E-1998-4026-99F8-22E1852C17B1}.Release|Any CPU.ActiveCfg = Release|Any CPU
		{0B33150E-1998-4026-99F8-22E1852C17B1}.Release|Any CPU.Build.0 = Release|Any CPU
	EndGlobalSection
	GlobalSection(SolutionProperties) = preSolution
		HideSolutionNode = FALSE
	EndGlobalSection
	GlobalSection(ExtensibilityGlobals) = postSolution
		SolutionGuid = {3C27E46C-ED94-43E5-A33F-C9C2B38BF810}
	EndGlobalSection
EndGlobal
